// !$*UTF8*$!
{
	archiveVersion = 1;
	classes = {
	};
	objectVersion = 63;
	objects = {

/* Begin PBXBuildFile section */
		72370BF92EA78E4B003FB79F /* Assets.xcassets in Resources */ = {isa = PBXBuildFile; fileRef = 72370BF62EA78E4B003FB79F /* Assets.xcassets */; };
		72370BFA2EA78E4B003FB79F /* CluckGalagticApp.swift in Sources */ = {isa = PBXBuildFile; fileRef = 72370BF72EA78E4B003FB79F /* CluckGalagticApp.swift */; };
		72370C002EA78E8B003FB79F /* View+Extensions.swift in Sources */ = {isa = PBXBuildFile; fileRef = 72370BFC2EA78E8B003FB79F /* View+Extensions.swift */; };
		72370C012EA78E8B003FB79F /* ShapeStyle+Extensions.swift in Sources */ = {isa = PBXBuildFile; fileRef = 72370BFE2EA78E8B003FB79F /* ShapeStyle+Extensions.swift */; };
		72370C022EA78E8B003FB79F /* Color+Extensions.swift in Sources */ = {isa = PBXBuildFile; fileRef = 72370BFD2EA78E8B003FB79F /* Color+Extensions.swift */; };
		72370C082EA78E92003FB79F /* CGHomeWebView.swift in Sources */ = {isa = PBXBuildFile; fileRef = 72370C032EA78E92003FB79F /* CGHomeWebView.swift */; };
		72370C092EA78E92003FB79F /* CGLaunchView.swift in Sources */ = {isa = PBXBuildFile; fileRef = 72370C052EA78E92003FB79F /* CGLaunchView.swift */; };
		9258293EC724B4EE647A08CD /* Pods_CluckGalagtic.framework in Frameworks */ = {isa = PBXBuildFile; fileRef = 38DB85AE31ADCB5C0D1DFE60 /* Pods_CluckGalagtic.framework */; };
/* End PBXBuildFile section */

/* Begin PBXFileReference section */
		38DB85AE31ADCB5C0D1DFE60 /* Pods_CluckGalagtic.framework */ = {isa = PBXFileReference; explicitFileType = wrapper.framework; includeInIndex = 0; path = Pods_CluckGalagtic.framework; sourceTree = BUILT_PRODUCTS_DIR; };
		5E0FCF78F9DC85EF86EB612F /* Pods-CluckGalagtic.debug.xcconfig */ = {isa = PBXFileReference; includeInIndex = 1; lastKnownFileType = text.xcconfig; name = "Pods-CluckGalagtic.debug.xcconfig"; path = "Target Support Files/Pods-CluckGalagtic/Pods-CluckGalagtic.debug.xcconfig"; sourceTree = "<group>"; };
		72370BE72EA78E36003FB79F /* CluckGalagtic.app */ = {isa = PBXFileReference; explicitFileType = wrapper.application; includeInIndex = 0; path = CluckGalagtic.app; sourceTree = BUILT_PRODUCTS_DIR; };
		72370BF62EA78E4B003FB79F /* Assets.xcassets */ = {isa = PBXFileReference; lastKnownFileType = folder.assetcatalog; path = Assets.xcassets; sourceTree = "<group>"; };
		72370BF72EA78E4B003FB79F /* CluckGalagticApp.swift */ = {isa = PBXFileReference; lastKnownFileType = sourcecode.swift; path = CluckGalagticApp.swift; sourceTree = "<group>"; };
		72370BFC2EA78E8B003FB79F /* View+Extensions.swift */ = {isa = PBXFileReference; lastKnownFileType = sourcecode.swift; path = "View+Extensions.swift"; sourceTree = "<group>"; };
		72370BFD2EA78E8B003FB79F /* Color+Extensions.swift */ = {isa = PBXFileReference; lastKnownFileType = sourcecode.swift; path = "Color+Extensions.swift"; sourceTree = "<group>"; };
		72370BFE2EA78E8B003FB79F /* ShapeStyle+Extensions.swift */ = {isa = PBXFileReference; lastKnownFileType = sourcecode.swift; path = "ShapeStyle+Extensions.swift"; sourceTree = "<group>"; };
		72370C032EA78E92003FB79F /* CGHomeWebView.swift */ = {isa = PBXFileReference; lastKnownFileType = sourcecode.swift; path = CGHomeWebView.swift; sourceTree = "<group>"; };
		72370C052EA78E92003FB79F /* CGLaunchView.swift */ = {isa = PBXFileReference; lastKnownFileType = sourcecode.swift; path = CGLaunchView.swift; sourceTree = "<group>"; };
		72370C0A2EA78E9C003FB79F /* Info.plist */ = {isa = PBXFileReference; lastKnownFileType = text.plist; path = Info.plist; sourceTree = "<group>"; };
		99B54FC8CC62325A9E4D44A7 /* Pods-CluckGalagtic.release.xcconfig */ = {isa = PBXFileReference; includeInIndex = 1; lastKnownFileType = text.xcconfig; name = "Pods-CluckGalagtic.release.xcconfig"; path = "Target Support Files/Pods-CluckGalagtic/Pods-CluckGalagtic.release.xcconfig"; sourceTree = "<group>"; };
/* End PBXFileReference section */

/* Begin PBXFrameworksBuildPhase section */
		72370BE42EA78E36003FB79F /* Frameworks */ = {
			isa = PBXFrameworksBuildPhase;
			buildActionMask = 2147483647;
			files = (
				9258293EC724B4EE647A08CD /* Pods_CluckGalagtic.framework in Frameworks */,
			);
			runOnlyForDeploymentPostprocessing = 0;
		};
/* End PBXFrameworksBuildPhase section */

/* Begin PBXGroup section */
		3E0975A705CCEC9A2D186B13 /* Pods */ = {
			isa = PBXGroup;
			children = (
				5E0FCF78F9DC85EF86EB612F /* Pods-CluckGalagtic.debug.xcconfig */,
				99B54FC8CC62325A9E4D44A7 /* Pods-CluckGalagtic.release.xcconfig */,
			);
			path = Pods;
			sourceTree = "<group>";
		};
		72370BDE2EA78E36003FB79F = {
			isa = PBXGroup;
			children = (
				72370BF82EA78E4B003FB79F /* CluckGalagtic */,
				72370BE82EA78E36003FB79F /* Products */,
				3E0975A705CCEC9A2D186B13 /* Pods */,
				F3C92D15210DB3840DA6647D /* Frameworks */,
			);
			sourceTree = "<group>";
		};
		72370BE82EA78E36003FB79F /* Products */ = {
			isa = PBXGroup;
			children = (
				72370BE72EA78E36003FB79F /* CluckGalagtic.app */,
			);
			name = Products;
			sourceTree = "<group>";
		};
		72370BF82EA78E4B003FB79F /* CluckGalagtic */ = {
			isa = PBXGroup;
			children = (
				72370C0A2EA78E9C003FB79F /* Info.plist */,
				72370C072EA78E92003FB79F /* Screens */,
				72370BFF2EA78E8B003FB79F /* Extensions */,
				72370BFB2EA78E4E003FB79F /* App */,
				72370BF62EA78E4B003FB79F /* Assets.xcassets */,
			);
			path = CluckGalagtic;
			sourceTree = "<group>";
		};
		72370BFB2EA78E4E003FB79F /* App */ = {
			isa = PBXGroup;
			children = (
				72370BF72EA78E4B003FB79F /* CluckGalagticApp.swift */,
			);
			path = App;
			sourceTree = "<group>";
		};
		72370BFF2EA78E8B003FB79F /* Extensions */ = {
			isa = PBXGroup;
			children = (
				72370BFC2EA78E8B003FB79F /* View+Extensions.swift */,
				72370BFD2EA78E8B003FB79F /* Color+Extensions.swift */,
				72370BFE2EA78E8B003FB79F /* ShapeStyle+Extensions.swift */,
			);
			path = Extensions;
			sourceTree = "<group>";
		};
		72370C042EA78E92003FB79F /* HomeWebScreen */ = {
			isa = PBXGroup;
			children = (
				72370C032EA78E92003FB79F /* CGHomeWebView.swift */,
			);
			path = HomeWebScreen;
			sourceTree = "<group>";
		};
		72370C062EA78E92003FB79F /* LaunchScreen */ = {
			isa = PBXGroup;
			children = (
				72370C052EA78E92003FB79F /* CGLaunchView.swift */,
			);
			path = LaunchScreen;
			sourceTree = "<group>";
		};
		72370C072EA78E92003FB79F /* Screens */ = {
			isa = PBXGroup;
			children = (
				72370C042EA78E92003FB79F /* HomeWebScreen */,
				72370C062EA78E92003FB79F /* LaunchScreen */,
			);
			path = Screens;
			sourceTree = "<group>";
		};
		F3C92D15210DB3840DA6647D /* Frameworks */ = {
			isa = PBXGroup;
			children = (
				38DB85AE31ADCB5C0D1DFE60 /* Pods_CluckGalagtic.framework */,
			);
			name = Frameworks;
			sourceTree = "<group>";
		};
/* End PBXGroup section */

/* Begin PBXNativeTarget section */
		72370BE62EA78E36003FB79F /* CluckGalagtic */ = {
			isa = PBXNativeTarget;
			buildConfigurationList = 72370BF32EA78E37003FB79F /* Build configuration list for PBXNativeTarget "CluckGalagtic" */;
			buildPhases = (
				9438DD04E57D2C94E835DE9F /* [CP] Check Pods Manifest.lock */,
				72370BE32EA78E36003FB79F /* Sources */,
				72370BE42EA78E36003FB79F /* Frameworks */,
				72370BE52EA78E36003FB79F /* Resources */,
			);
			buildRules = (
			);
			dependencies = (
			);
			name = CluckGalagtic;
			productName = CluckGalagtic;
			productReference = 72370BE72EA78E36003FB79F /* CluckGalagtic.app */;
			productType = "com.apple.product-type.application";
		};
/* End PBXNativeTarget section */

/* Begin PBXProject section */
		72370BDF2EA78E36003FB79F /* Project object */ = {
			isa = PBXProject;
			attributes = {
				BuildIndependentTargetsInParallel = 1;
				LastSwiftUpdateCheck = 1630;
				LastUpgradeCheck = 1630;
				TargetAttributes = {
					72370BE62EA78E36003FB79F = {
						CreatedOnToolsVersion = 16.3;
					};
				};
			};
			buildConfigurationList = 72370BE22EA78E36003FB79F /* Build configuration list for PBXProject "CluckGalagtic" */;
			compatibilityVersion = "Xcode 13.0";
			developmentRegion = en;
			hasScannedForEncodings = 0;
			knownRegions = (
				en,
				Base,
			);
			mainGroup = 72370BDE2EA78E36003FB79F;
			minimizedProjectReferenceProxies = 1;
			productRefGroup = 72370BE82EA78E36003FB79F /* Products */;
			projectDirPath = "";
			projectRoot = "";
			targets = (
				72370BE62EA78E36003FB79F /* CluckGalagtic */,
			);
		};
/* End PBXProject section */

/* Begin PBXResourcesBuildPhase section */
		72370BE52EA78E36003FB79F /* Resources */ = {
			isa = PBXResourcesBuildPhase;
			buildActionMask = 2147483647;
			files = (
				72370BF92EA78E4B003FB79F /* Assets.xcassets in Resources */,
			);
			runOnlyForDeploymentPostprocessing = 0;
		};
/* End PBXResourcesBuildPhase section */

/* Begin PBXShellScriptBuildPhase section */
		9438DD04E57D2C94E835DE9F /* [CP] Check Pods Manifest.lock */ = {
			isa = PBXShellScriptBuildPhase;
			buildActionMask = 2147483647;
			files = (
			);
			inputFileListPaths = (
			);
			inputPaths = (
				"${PODS_PODFILE_DIR_PATH}/Podfile.lock",
				"${PODS_ROOT}/Manifest.lock",
			);
			name = "[CP] Check Pods Manifest.lock";
			outputFileListPaths = (
			);
			outputPaths = (
				"$(DERIVED_FILE_DIR)/Pods-CluckGalagtic-checkManifestLockResult.txt",
			);
			runOnlyForDeploymentPostprocessing = 0;
			shellPath = /bin/sh;
			shellScript = "diff \"${PODS_PODFILE_DIR_PATH}/Podfile.lock\" \"${PODS_ROOT}/Manifest.lock\" > /dev/null\nif [ $? != 0 ] ; then\n    # print error to STDERR\n    echo \"error: The sandbox is not in sync with the Podfile.lock. Run 'pod install' or update your CocoaPods installation.\" >&2\n    exit 1\nfi\n# This output is used by Xcode 'outputs' to avoid re-running this script phase.\necho \"SUCCESS\" > \"${SCRIPT_OUTPUT_FILE_0}\"\n";
			showEnvVarsInLog = 0;
		};
/* End PBXShellScriptBuildPhase section */

/* Begin PBXSourcesBuildPhase section */
		72370BE32EA78E36003FB79F /* Sources */ = {
			isa = PBXSourcesBuildPhase;
			buildActionMask = 2147483647;
			files = (
				72370C002EA78E8B003FB79F /* View+Extensions.swift in Sources */,
				72370C012EA78E8B003FB79F /* ShapeStyle+Extensions.swift in Sources */,
				72370C022EA78E8B003FB79F /* Color+Extensions.swift in Sources */,
				72370BFA2EA78E4B003FB79F /* CluckGalagticApp.swift in Sources */,
				72370C082EA78E92003FB79F /* CGHomeWebView.swift in Sources */,
				72370C092EA78E92003FB79F /* CGLaunchView.swift in Sources */,
			);
			runOnlyForDeploymentPostprocessing = 0;
		};
/* End PBXSourcesBuildPhase section */

/* Begin XCBuildConfiguration section */
		72370BF12EA78E37003FB79F /* Debug */ = {
			isa = XCBuildConfiguration;
			buildSettings = {
				ALWAYS_SEARCH_USER_PATHS = NO;
				ASSETCATALOG_COMPILER_GENERATE_SWIFT_ASSET_SYMBOL_EXTENSIONS = YES;
				CLANG_ANALYZER_NONNULL = YES;
				CLANG_ANALYZER_NUMBER_OBJECT_CONVERSION = YES_AGGRESSIVE;
				CLANG_CXX_LANGUAGE_STANDARD = "gnu++20";
				CLANG_ENABLE_MODULES = YES;
				CLANG_ENABLE_OBJC_ARC = YES;
				CLANG_ENABLE_OBJC_WEAK = YES;
				CLANG_WARN_BLOCK_CAPTURE_AUTORELEASING = YES;
				CLANG_WARN_BOOL_CONVERSION = YES;
				CLANG_WARN_COMMA = YES;
				CLANG_WARN_CONSTANT_CONVERSION = YES;
				CLANG_WARN_DEPRECATED_OBJC_IMPLEMENTATIONS = YES;
				CLANG_WARN_DIRECT_OBJC_ISA_USAGE = YES_ERROR;
				CLANG_WARN_DOCUMENTATION_COMMENTS = YES;
				CLANG_WARN_EMPTY_BODY = YES;
				CLANG_WARN_ENUM_CONVERSION = YES;
				CLANG_WARN_INFINITE_RECURSION = YES;
				CLANG_WARN_INT_CONVERSION = YES;
				CLANG_WARN_NON_LITERAL_NULL_CONVERSION = YES;
				CLANG_WARN_OBJC_IMPLICIT_RETAIN_SELF = YES;
				CLANG_WARN_OBJC_LITERAL_CONVERSION = YES;
				CLANG_WARN_OBJC_ROOT_CLASS = YES_ERROR;
				CLANG_WARN_QUOTED_INCLUDE_IN_FRAMEWORK_HEADER = YES;
				CLANG_WARN_RANGE_LOOP_ANALYSIS = YES;
				CLANG_WARN_STRICT_PROTOTYPES = YES;
				CLANG_WARN_SUSPICIOUS_MOVE = YES;
				CLANG_WARN_UNGUARDED_AVAILABILITY = YES_AGGRESSIVE;
				CLANG_WARN_UNREACHABLE_CODE = YES;
				CLANG_WARN__DUPLICATE_METHOD_MATCH = YES;
				COPY_PHASE_STRIP = NO;
				DEBUG_INFORMATION_FORMAT = dwarf;
				ENABLE_STRICT_OBJC_MSGSEND = YES;
				ENABLE_TESTABILITY = YES;
				ENABLE_USER_SCRIPT_SANDBOXING = YES;
				GCC_C_LANGUAGE_STANDARD = gnu17;
				GCC_DYNAMIC_NO_PIC = NO;
				GCC_NO_COMMON_BLOCKS = YES;
				GCC_OPTIMIZATION_LEVEL = 0;
				GCC_PREPROCESSOR_DEFINITIONS = (
					"DEBUG=1",
					"$(inherited)",
				);
				GCC_WARN_64_TO_32_BIT_CONVERSION = YES;
				GCC_WARN_ABOUT_RETURN_TYPE = YES_ERROR;
				GCC_WARN_UNDECLARED_SELECTOR = YES;
				GCC_WARN_UNINITIALIZED_AUTOS = YES_AGGRESSIVE;
				GCC_WARN_UNUSED_FUNCTION = YES;
				GCC_WARN_UNUSED_VARIABLE = YES;
				LOCALIZATION_PREFERS_STRING_CATALOGS = YES;
				MTL_ENABLE_DEBUG_INFO = INCLUDE_SOURCE;
				MTL_FAST_MATH = YES;
				ONLY_ACTIVE_ARCH = YES;
				SWIFT_ACTIVE_COMPILATION_CONDITIONS = "DEBUG $(inherited)";
				SWIFT_OPTIMIZATION_LEVEL = "-Onone";
			};
			name = Debug;
		};
		72370BF22EA78E37003FB79F /* Release */ = {
			isa = XCBuildConfiguration;
			buildSettings = {
				ALWAYS_SEARCH_USER_PATHS = NO;
				ASSETCATALOG_COMPILER_GENERATE_SWIFT_ASSET_SYMBOL_EXTENSIONS = YES;
				CLANG_ANALYZER_NONNULL = YES;
				CLANG_ANALYZER_NUMBER_OBJECT_CONVERSION = YES_AGGRESSIVE;
				CLANG_CXX_LANGUAGE_STANDARD = "gnu++20";
				CLANG_ENABLE_MODULES = YES;
				CLANG_ENABLE_OBJC_ARC = YES;
				CLANG_ENABLE_OBJC_WEAK = YES;
				CLANG_WARN_BLOCK_CAPTURE_AUTORELEASING = YES;
				CLANG_WARN_BOOL_CONVERSION = YES;
				CLANG_WARN_COMMA = YES;
				CLANG_WARN_CONSTANT_CONVERSION = YES;
				CLANG_WARN_DEPRECATED_OBJC_IMPLEMENTATIONS = YES;
				CLANG_WARN_DIRECT_OBJC_ISA_USAGE = YES_ERROR;
				CLANG_WARN_DOCUMENTATION_COMMENTS = YES;
				CLANG_WARN_EMPTY_BODY = YES;
				CLANG_WARN_ENUM_CONVERSION = YES;
				CLANG_WARN_INFINITE_RECURSION = YES;
				CLANG_WARN_INT_CONVERSION = YES;
				CLANG_WARN_NON_LITERAL_NULL_CONVERSION = YES;
				CLANG_WARN_OBJC_IMPLICIT_RETAIN_SELF = YES;
				CLANG_WARN_OBJC_LITERAL_CONVERSION = YES;
				CLANG_WARN_OBJC_ROOT_CLASS = YES_ERROR;
				CLANG_WARN_QUOTED_INCLUDE_IN_FRAMEWORK_HEADER = YES;
				CLANG_WARN_RANGE_LOOP_ANALYSIS = YES;
				CLANG_WARN_STRICT_PROTOTYPES = YES;
				CLANG_WARN_SUSPICIOUS_MOVE = YES;
				CLANG_WARN_UNGUARDED_AVAILABILITY = YES_AGGRESSIVE;
				CLANG_WARN_UNREACHABLE_CODE = YES;
				CLANG_WARN__DUPLICATE_METHOD_MATCH = YES;
				COPY_PHASE_STRIP = NO;
				DEBUG_INFORMATION_FORMAT = "dwarf-with-dsym";
				ENABLE_NS_ASSERTIONS = NO;
				ENABLE_STRICT_OBJC_MSGSEND = YES;
				ENABLE_USER_SCRIPT_SANDBOXING = YES;
				GCC_C_LANGUAGE_STANDARD = gnu17;
				GCC_NO_COMMON_BLOCKS = YES;
				GCC_WARN_64_TO_32_BIT_CONVERSION = YES;
				GCC_WARN_ABOUT_RETURN_TYPE = YES_ERROR;
				GCC_WARN_UNDECLARED_SELECTOR = YES;
				GCC_WARN_UNINITIALIZED_AUTOS = YES_AGGRESSIVE;
				GCC_WARN_UNUSED_FUNCTION = YES;
				GCC_WARN_UNUSED_VARIABLE = YES;
				LOCALIZATION_PREFERS_STRING_CATALOGS = YES;
				MTL_ENABLE_DEBUG_INFO = NO;
				MTL_FAST_MATH = YES;
				SWIFT_COMPILATION_MODE = wholemodule;
			};
			name = Release;
		};
		72370BF42EA78E37003FB79F /* Debug */ = {
			isa = XCBuildConfiguration;
			baseConfigurationReference = 5E0FCF78F9DC85EF86EB612F /* Pods-CluckGalagtic.debug.xcconfig */;
			buildSettings = {
				ASSETCATALOG_COMPILER_APPICON_NAME = AppIcon;
				ASSETCATALOG_COMPILER_GLOBAL_ACCENT_COLOR_NAME = AccentColor;
				CODE_SIGN_STYLE = Automatic;
				CURRENT_PROJECT_VERSION = 1;
				DEVELOPMENT_TEAM = 99Y7AUQG6Y;
				ENABLE_PREVIEWS = YES;
				GENERATE_INFOPLIST_FILE = YES;
				INFOPLIST_FILE = CluckGalagtic/Info.plist;
				"INFOPLIST_KEY_UIApplicationSceneManifest_Generation[sdk=iphoneos*]" = YES;
				"INFOPLIST_KEY_UIApplicationSceneManifest_Generation[sdk=iphonesimulator*]" = YES;
				"INFOPLIST_KEY_UIApplicationSupportsIndirectInputEvents[sdk=iphoneos*]" = YES;
				"INFOPLIST_KEY_UIApplicationSupportsIndirectInputEvents[sdk=iphonesimulator*]" = YES;
				"INFOPLIST_KEY_UILaunchScreen_Generation[sdk=iphoneos*]" = YES;
				"INFOPLIST_KEY_UILaunchScreen_Generation[sdk=iphonesimulator*]" = YES;
				"INFOPLIST_KEY_UIStatusBarStyle[sdk=iphoneos*]" = UIStatusBarStyleDefault;
				"INFOPLIST_KEY_UIStatusBarStyle[sdk=iphonesimulator*]" = UIStatusBarStyleDefault;
				INFOPLIST_KEY_UISupportedInterfaceOrientations = UIInterfaceOrientationPortrait;
				INFOPLIST_KEY_UISupportedInterfaceOrientations_iPad = "UIInterfaceOrientationLandscapeLeft UIInterfaceOrientationLandscapeRight UIInterfaceOrientationPortrait UIInterfaceOrientationPortraitUpsideDown";
				IPHONEOS_DEPLOYMENT_TARGET = 15.0;
				LD_RUNPATH_SEARCH_PATHS = "@executable_path/Frameworks";
				"LD_RUNPATH_SEARCH_PATHS[sdk=macosx*]" = "@executable_path/../Frameworks";
				MACOSX_DEPLOYMENT_TARGET = 15.4;
				MARKETING_VERSION = 1.0;
				PRODUCT_BUNDLE_IDENTIFIER = com.vladovproj.app;
				PRODUCT_NAME = "$(TARGET_NAME)";
				REGISTER_APP_GROUPS = YES;
				SDKROOT = auto;
				SUPPORTED_PLATFORMS = "iphoneos iphonesimulator";
				SUPPORTS_MACCATALYST = NO;
				SWIFT_EMIT_LOC_STRINGS = YES;
				SWIFT_VERSION = 5.0;
				TARGETED_DEVICE_FAMILY = 1;
				XROS_DEPLOYMENT_TARGET = 2.4;
			};
			name = Debug;
		};
		72370BF52EA78E37003FB79F /* Release */ = {
			isa = XCBuildConfiguration;
			baseConfigurationReference = 99B54FC8CC62325A9E4D44A7 /* Pods-CluckGalagtic.release.xcconfig */;
			buildSettings = {
				ASSETCATALOG_COMPILER_APPICON_NAME = AppIcon;
				ASSETCATALOG_COMPILER_GLOBAL_ACCENT_COLOR_NAME = AccentColor;
				CODE_SIGN_STYLE = Automatic;
				CURRENT_PROJECT_VERSION = 1;
				DEVELOPMENT_TEAM = 99Y7AUQG6Y;
				ENABLE_PREVIEWS = YES;
				GENERATE_INFOPLIST_FILE = YES;
				INFOPLIST_FILE = CluckGalagtic/Info.plist;
				"INFOPLIST_KEY_UIApplicationSceneManifest_Generation[sdk=iphoneos*]" = YES;
				"INFOPLIST_KEY_UIApplicationSceneManifest_Generation[sdk=iphonesimulator*]" = YES;
				"INFOPLIST_KEY_UIApplicationSupportsIndirectInputEvents[sdk=iphoneos*]" = YES;
				"INFOPLIST_KEY_UIApplicationSupportsIndirectInputEvents[sdk=iphonesimulator*]" = YES;
				"INFOPLIST_KEY_UILaunchScreen_Generation[sdk=iphoneos*]" = YES;
				"INFOPLIST_KEY_UILaunchScreen_Generation[sdk=iphonesimulator*]" = YES;
				"INFOPLIST_KEY_UIStatusBarStyle[sdk=iphoneos*]" = UIStatusBarStyleDefault;
				"INFOPLIST_KEY_UIStatusBarStyle[sdk=iphonesimulator*]" = UIStatusBarStyleDefault;
				INFOPLIST_KEY_UISupportedInterfaceOrientations = UIInterfaceOrientationPortrait;
				INFOPLIST_KEY_UISupportedInterfaceOrientations_iPad = "UIInterfaceOrientationLandscapeLeft UIInterfaceOrientationLandscapeRight UIInterfaceOrientationPortrait UIInterfaceOrientationPortraitUpsideDown";
				IPHONEOS_DEPLOYMENT_TARGET = 15.0;
				LD_RUNPATH_SEARCH_PATHS = "@executable_path/Frameworks";
				"LD_RUNPATH_SEARCH_PATHS[sdk=macosx*]" = "@executable_path/../Frameworks";
				MACOSX_DEPLOYMENT_TARGET = 15.4;
				MARKETING_VERSION = 1.0;
				PRODUCT_BUNDLE_IDENTIFIER = com.vladovproj.app;
				PRODUCT_NAME = "$(TARGET_NAME)";
				REGISTER_APP_GROUPS = YES;
				SDKROOT = auto;
				SUPPORTED_PLATFORMS = "iphoneos iphonesimulator";
				SUPPORTS_MACCATALYST = NO;
				SWIFT_EMIT_LOC_STRINGS = YES;
				SWIFT_VERSION = 5.0;
				TARGETED_DEVICE_FAMILY = 1;
				XROS_DEPLOYMENT_TARGET = 2.4;
			};
			name = Release;
		};
/* End XCBuildConfiguration section */

/* Begin XCConfigurationList section */
		72370BE22EA78E36003FB79F /* Build configuration list for PBXProject "CluckGalagtic" */ = {
			isa = XCConfigurationList;
			buildConfigurations = (
				72370BF12EA78E37003FB79F /* Debug */,
				72370BF22EA78E37003FB79F /* Release */,
			);
			defaultConfigurationIsVisible = 0;
			defaultConfigurationName = Release;
		};
		72370BF32EA78E37003FB79F /* Build configuration list for PBXNativeTarget "CluckGalagtic" */ = {
			isa = XCConfigurationList;
			buildConfigurations = (
				72370BF42EA78E37003FB79F /* Debug */,
				72370BF52EA78E37003FB79F /* Release */,
			);
			defaultConfigurationIsVisible = 0;
			defaultConfigurationName = Release;
		};
/* End XCConfigurationList section */
	};
	rootObject = 72370BDF2EA78E36003FB79F /* Project object */;
}
